
Microsoft Visual Studio Solution File, Format Version 12.00
# Visual Studio Version 17
VisualStudioVersion = 17.1.32414.318
MinimumVisualStudioVersion = 10.0.40219.1
Project("{9A19103F-16F7-4668-BE54-9A1E7A4F7556}") = "BISA.Server", "BISA\Server\BISA.Server.csproj", "{C2D6DD1A-3DBB-4A62-B6AE-4B42CF266866}"
EndProject
Project("{9A19103F-16F7-4668-BE54-9A1E7A4F7556}") = "BISA.Client", "BISA\Client\BISA.Client.csproj", "{5604A7E3-C37C-4155-B3E8-376065108464}"
EndProject
Project("{9A19103F-16F7-4668-BE54-9A1E7A4F7556}") = "BISA.Shared", "BISA\Shared\BISA.Shared.csproj", "{6E81E14F-24FE-4DA2-860B-5B7ED8FEB8FD}"
EndProject
Project("{9A19103F-16F7-4668-BE54-9A1E7A4F7556}") = "BISA.Server.Tests", "BISA.Server.Tests\BISA.Server.Tests.csproj", "{8F4B9F5E-429E-497E-AADE-50609543CF53}"
EndProject
Global
	GlobalSection(SolutionConfigurationPlatforms) = preSolution
		Debug|Any CPU = Debug|Any CPU
		Release|Any CPU = Release|Any CPU
	EndGlobalSection
	GlobalSection(ProjectConfigurationPlatforms) = postSolution
		{C2D6DD1A-3DBB-4A62-B6AE-4B42CF266866}.Debug|Any CPU.ActiveCfg = Debug|Any CPU
		{C2D6DD1A-3DBB-4A62-B6AE-4B42CF266866}.Debug|Any CPU.Build.0 = Debug|Any CPU
		{C2D6DD1A-3DBB-4A62-B6AE-4B42CF266866}.Release|Any CPU.ActiveCfg = Release|Any CPU
		{C2D6DD1A-3DBB-4A62-B6AE-4B42CF266866}.Release|Any CPU.Build.0 = Release|Any CPU
		{5604A7E3-C37C-4155-B3E8-376065108464}.Debug|Any CPU.ActiveCfg = Debug|Any CPU
		{5604A7E3-C37C-4155-B3E8-376065108464}.Debug|Any CPU.Build.0 = Debug|Any CPU
		{5604A7E3-C37C-4155-B3E8-376065108464}.Release|Any CPU.ActiveCfg = Release|Any CPU
		{5604A7E3-C37C-4155-B3E8-376065108464}.Release|Any CPU.Build.0 = Release|Any CPU
		{6E81E14F-24FE-4DA2-860B-5B7ED8FEB8FD}.Debug|Any CPU.ActiveCfg = Debug|Any CPU
		{6E81E14F-24FE-4DA2-860B-5B7ED8FEB8FD}.Debug|Any CPU.Build.0 = Debug|Any CPU
		{6E81E14F-24FE-4DA2-860B-5B7ED8FEB8FD}.Release|Any CPU.ActiveCfg = Release|Any CPU
		{6E81E14F-24FE-4DA2-860B-5B7ED8FEB8FD}.Release|Any CPU.Build.0 = Release|Any CPU
		{8F4B9F5E-429E-497E-AADE-50609543CF53}.Debug|Any CPU.ActiveCfg = Debug|Any CPU
		{8F4B9F5E-429E-497E-AADE-50609543CF53}.Debug|Any CPU.Build.0 = Debug|Any CPU
		{8F4B9F5E-429E-497E-AADE-50609543CF53}.Release|Any CPU.ActiveCfg = Release|Any CPU
		{8F4B9F5E-429E-497E-AADE-50609543CF53}.Release|Any CPU.Build.0 = Release|Any CPU
	EndGlobalSection
	GlobalSection(SolutionProperties) = preSolution
		HideSolutionNode = FALSE
	EndGlobalSection
	GlobalSection(ExtensibilityGlobals) = postSolution
		SolutionGuid = {DA9455B3-4F83-4AED-908C-AB448A597AA7}
	EndGlobalSection
EndGlobal
